{
  "version": 4,
  "terraform_version": "1.7.2",
  "serial": 298,
  "lineage": "9d7df170-2a40-2b61-572c-b5e4510cb95a",
  "outputs": {
    "lambda_invoke_arn": {
      "value": "arn:aws:apigateway:ap-southeast-1:lambda:path/2015-03-31/functions/arn:aws:lambda:ap-southeast-1:574182556674:function:bball8bot_event_handler/invocations",
      "type": "string"
    },
    "lambda_name": {
      "value": "bball8bot_event_handler",
      "type": "string"
    },
    "queue_arn": {
      "value": "arn:aws:sqs:ap-southeast-1:574182556674:bball8bot_event_queue",
      "type": "string"
    }
  },
  "resources": [
    {
      "module": "module.api_gateway",
      "mode": "data",
      "type": "aws_iam_policy_document",
      "name": "assume_bball8bot_api_gateway_role",
      "provider": "provider[\"registry.terraform.io/hashicorp/aws\"]",
      "instances": [
        {
          "schema_version": 0,
          "attributes": {
            "id": "2699642182",
            "json": "{\n  \"Version\": \"2012-10-17\",\n  \"Statement\": [\n    {\n      \"Effect\": \"Allow\",\n      \"Action\": \"sts:AssumeRole\",\n      \"Principal\": {\n        \"Service\": \"apigateway.amazonaws.com\"\n      }\n    }\n  ]\n}",
            "override_policy_documents": null,
            "policy_id": null,
            "source_policy_documents": null,
            "statement": [
              {
                "actions": [
                  "sts:AssumeRole"
                ],
                "condition": [],
                "effect": "Allow",
                "not_actions": [],
                "not_principals": [],
                "not_resources": [],
                "principals": [
                  {
                    "identifiers": [
                      "apigateway.amazonaws.com"
                    ],
                    "type": "Service"
                  }
                ],
                "resources": [],
                "sid": ""
              }
            ],
            "version": "2012-10-17"
          },
          "sensitive_attributes": []
        }
      ]
    },
    {
      "module": "module.api_gateway",
      "mode": "data",
      "type": "aws_iam_policy_document",
      "name": "bball8bot_api_gateway_policy",
      "provider": "provider[\"registry.terraform.io/hashicorp/aws\"]",
      "instances": [
        {
          "schema_version": 0,
          "attributes": {
            "id": "3446218041",
            "json": "{\n  \"Version\": \"2012-10-17\",\n  \"Statement\": [\n    {\n      \"Effect\": \"Allow\",\n      \"Action\": \"sqs:SendMessage\",\n      \"Resource\": \"arn:aws:sqs:ap-southeast-1:574182556674:bball8bot_event_queue\"\n    }\n  ]\n}",
            "override_policy_documents": null,
            "policy_id": null,
            "source_policy_documents": null,
            "statement": [
              {
                "actions": [
                  "sqs:SendMessage"
                ],
                "condition": [],
                "effect": "Allow",
                "not_actions": [],
                "not_principals": [],
                "not_resources": [],
                "principals": [],
                "resources": [
                  "arn:aws:sqs:ap-southeast-1:574182556674:bball8bot_event_queue"
                ],
                "sid": ""
              }
            ],
            "version": "2012-10-17"
          },
          "sensitive_attributes": []
        }
      ]
    },
    {
      "module": "module.api_gateway",
      "mode": "managed",
      "type": "aws_api_gateway_deployment",
      "name": "bball8bot_dev",
      "provider": "provider[\"registry.terraform.io/hashicorp/aws\"]",
      "instances": [
        {
          "schema_version": 0,
          "attributes": {
            "created_date": "2024-02-25T15:23:30Z",
            "description": "",
            "execution_arn": "arn:aws:execute-api:ap-southeast-1:574182556674:0w0uiuxir5/dev",
            "id": "g3o23k",
            "invoke_url": "https://0w0uiuxir5.execute-api.ap-southeast-1.amazonaws.com/dev",
            "rest_api_id": "0w0uiuxir5",
            "stage_description": null,
            "stage_name": "dev",
            "triggers": null,
            "variables": {
              "deployed_at": "2024-02-25T15:23:30Z"
            }
          },
          "sensitive_attributes": [],
          "private": "bnVsbA==",
          "dependencies": [
            "module.api_gateway.aws_api_gateway_integration.bball8bot",
            "module.api_gateway.aws_api_gateway_method.bball8bot",
            "module.api_gateway.aws_api_gateway_resource.bball8bot",
            "module.api_gateway.aws_api_gateway_rest_api.bball8bot",
            "module.api_gateway.aws_iam_policy.bball8bot_api_gateway_policy",
            "module.api_gateway.aws_iam_role.bball8bot_api_gateway_role",
            "module.api_gateway.data.aws_iam_policy_document.assume_bball8bot_api_gateway_role",
            "module.api_gateway.data.aws_iam_policy_document.bball8bot_api_gateway_policy",
            "module.sqs.aws_sqs_queue.bball8bot_events"
          ]
        }
      ]
    },
    {
      "module": "module.api_gateway",
      "mode": "managed",
      "type": "aws_api_gateway_integration",
      "name": "bball8bot",
      "provider": "provider[\"registry.terraform.io/hashicorp/aws\"]",
      "instances": [
        {
          "schema_version": 0,
          "attributes": {
            "cache_key_parameters": [],
            "cache_namespace": "j4ac03",
            "connection_id": "",
            "connection_type": "INTERNET",
            "content_handling": "",
            "credentials": "arn:aws:iam::574182556674:role/bball8botAPIGatewayRole",
            "http_method": "GET",
            "id": "agi-0w0uiuxir5-j4ac03-GET",
            "integration_http_method": "POST",
            "passthrough_behavior": "WHEN_NO_MATCH",
            "request_parameters": {
              "integration.request.header.Content-Type": "'application/x-www-form-urlencoded'"
            },
            "request_templates": {
              "application/json": "Action=SendMessage\u0026MessageBody={\n \"method\": \"$context.httpMethod\",\n \"body-json\" : $input.json('$'),\n \"queryParams\": {\n   #foreach($param in $input.params().querystring.keySet())\n   \"$param\": \"$util.escapeJavaScript($input.params().querystring.get($param))\" #if($foreach.hasNext),#end\n #end\n },\n \"pathParams\": {\n   #foreach($param in $input.params().path.keySet())\n   \"$param\": \"$util.escapeJavaScript($input.params().path.get($param))\" #if($foreach.hasNext),#end\n   #end\n }\n}\"\n"
            },
            "resource_id": "j4ac03",
            "rest_api_id": "0w0uiuxir5",
            "timeout_milliseconds": 29000,
            "tls_config": [],
            "type": "AWS",
            "uri": "arn:aws:apigateway:ap-southeast-1:sqs:path/bball8bot_event_queue"
          },
          "sensitive_attributes": [],
          "private": "bnVsbA==",
          "dependencies": [
            "module.api_gateway.aws_api_gateway_method.bball8bot",
            "module.api_gateway.aws_api_gateway_resource.bball8bot",
            "module.api_gateway.aws_api_gateway_rest_api.bball8bot",
            "module.api_gateway.aws_iam_policy.bball8bot_api_gateway_policy",
            "module.api_gateway.aws_iam_role.bball8bot_api_gateway_role",
            "module.api_gateway.data.aws_iam_policy_document.assume_bball8bot_api_gateway_role",
            "module.api_gateway.data.aws_iam_policy_document.bball8bot_api_gateway_policy",
            "module.sqs.aws_sqs_queue.bball8bot_events"
          ]
        }
      ]
    },
    {
      "module": "module.api_gateway",
      "mode": "managed",
      "type": "aws_api_gateway_integration_response",
      "name": "bball8bot_http_200",
      "provider": "provider[\"registry.terraform.io/hashicorp/aws\"]",
      "instances": [
        {
          "schema_version": 0,
          "attributes": {
            "content_handling": "",
            "http_method": "GET",
            "id": "agir-0w0uiuxir5-j4ac03-GET-200",
            "resource_id": "j4ac03",
            "response_parameters": {},
            "response_templates": {},
            "rest_api_id": "0w0uiuxir5",
            "selection_pattern": "",
            "status_code": "200"
          },
          "sensitive_attributes": [],
          "private": "bnVsbA==",
          "dependencies": [
            "module.api_gateway.aws_api_gateway_integration.bball8bot",
            "module.api_gateway.aws_api_gateway_method.bball8bot",
            "module.api_gateway.aws_api_gateway_method_response.bball8bot_http_200",
            "module.api_gateway.aws_api_gateway_resource.bball8bot",
            "module.api_gateway.aws_api_gateway_rest_api.bball8bot",
            "module.api_gateway.aws_iam_policy.bball8bot_api_gateway_policy",
            "module.api_gateway.aws_iam_role.bball8bot_api_gateway_role",
            "module.api_gateway.data.aws_iam_policy_document.assume_bball8bot_api_gateway_role",
            "module.api_gateway.data.aws_iam_policy_document.bball8bot_api_gateway_policy",
            "module.sqs.aws_sqs_queue.bball8bot_events"
          ]
        }
      ]
    },
    {
      "module": "module.api_gateway",
      "mode": "managed",
      "type": "aws_api_gateway_method",
      "name": "bball8bot",
      "provider": "provider[\"registry.terraform.io/hashicorp/aws\"]",
      "instances": [
        {
          "schema_version": 0,
          "attributes": {
            "api_key_required": false,
            "authorization": "NONE",
            "authorization_scopes": [],
            "authorizer_id": "",
            "http_method": "GET",
            "id": "agm-0w0uiuxir5-j4ac03-GET",
            "operation_name": "",
            "request_models": {},
            "request_parameters": {},
            "request_validator_id": "",
            "resource_id": "j4ac03",
            "rest_api_id": "0w0uiuxir5"
          },
          "sensitive_attributes": [],
          "private": "bnVsbA==",
          "dependencies": [
            "module.api_gateway.aws_api_gateway_resource.bball8bot",
            "module.api_gateway.aws_api_gateway_rest_api.bball8bot"
          ]
        }
      ]
    },
    {
      "module": "module.api_gateway",
      "mode": "managed",
      "type": "aws_api_gateway_method_response",
      "name": "bball8bot_http_200",
      "provider": "provider[\"registry.terraform.io/hashicorp/aws\"]",
      "instances": [
        {
          "schema_version": 0,
          "attributes": {
            "http_method": "GET",
            "id": "agmr-0w0uiuxir5-j4ac03-GET-200",
            "resource_id": "j4ac03",
            "response_models": {
              "application/json": "Empty"
            },
            "response_parameters": {},
            "rest_api_id": "0w0uiuxir5",
            "status_code": "200"
          },
          "sensitive_attributes": [],
          "private": "bnVsbA==",
          "dependencies": [
            "module.api_gateway.aws_api_gateway_method.bball8bot",
            "module.api_gateway.aws_api_gateway_resource.bball8bot",
            "module.api_gateway.aws_api_gateway_rest_api.bball8bot"
          ]
        }
      ]
    },
    {
      "module": "module.api_gateway",
      "mode": "managed",
      "type": "aws_api_gateway_resource",
      "name": "bball8bot",
      "provider": "provider[\"registry.terraform.io/hashicorp/aws\"]",
      "instances": [
        {
          "schema_version": 0,
          "attributes": {
            "id": "j4ac03",
            "parent_id": "l47q23cmah",
            "path": "/bot",
            "path_part": "bot",
            "rest_api_id": "0w0uiuxir5"
          },
          "sensitive_attributes": [],
          "private": "bnVsbA==",
          "dependencies": [
            "module.api_gateway.aws_api_gateway_rest_api.bball8bot"
          ]
        }
      ]
    },
    {
      "module": "module.api_gateway",
      "mode": "managed",
      "type": "aws_api_gateway_rest_api",
      "name": "bball8bot",
      "provider": "provider[\"registry.terraform.io/hashicorp/aws\"]",
      "instances": [
        {
          "schema_version": 0,
          "attributes": {
            "api_key_source": "HEADER",
            "arn": "arn:aws:apigateway:ap-southeast-1::/restapis/0w0uiuxir5",
            "binary_media_types": [],
            "body": null,
            "created_date": "2024-02-21T07:40:25Z",
            "description": "",
            "disable_execute_api_endpoint": false,
            "endpoint_configuration": [
              {
                "types": [
                  "EDGE"
                ],
                "vpc_endpoint_ids": []
              }
            ],
            "execution_arn": "arn:aws:execute-api:ap-southeast-1:574182556674:0w0uiuxir5",
            "fail_on_warnings": null,
            "id": "0w0uiuxir5",
            "minimum_compression_size": "",
            "name": "bball8bot",
            "parameters": null,
            "policy": "",
            "put_rest_api_mode": null,
            "root_resource_id": "l47q23cmah",
            "tags": {},
            "tags_all": {}
          },
          "sensitive_attributes": [],
          "private": "bnVsbA=="
        }
      ]
    },
    {
      "module": "module.api_gateway",
      "mode": "managed",
      "type": "aws_iam_policy",
      "name": "bball8bot_api_gateway_policy",
      "provider": "provider[\"registry.terraform.io/hashicorp/aws\"]",
      "instances": [
        {
          "schema_version": 0,
          "attributes": {
            "arn": "arn:aws:iam::574182556674:policy/bball8botAPIGatewayPolicy",
            "description": "",
            "id": "arn:aws:iam::574182556674:policy/bball8botAPIGatewayPolicy",
            "name": "bball8botAPIGatewayPolicy",
            "name_prefix": "",
            "path": "/",
            "policy": "{\"Statement\":[{\"Action\":\"sqs:SendMessage\",\"Effect\":\"Allow\",\"Resource\":\"arn:aws:sqs:ap-southeast-1:574182556674:bball8bot_event_queue\"}],\"Version\":\"2012-10-17\"}",
            "policy_id": "ANPAYLL7SQQBN6EMPLNMP",
            "tags": {},
            "tags_all": {}
          },
          "sensitive_attributes": [],
          "private": "bnVsbA==",
          "dependencies": [
            "module.api_gateway.data.aws_iam_policy_document.bball8bot_api_gateway_policy",
            "module.sqs.aws_sqs_queue.bball8bot_events"
          ]
        }
      ]
    },
    {
      "module": "module.api_gateway",
      "mode": "managed",
      "type": "aws_iam_role",
      "name": "bball8bot_api_gateway_role",
      "provider": "provider[\"registry.terraform.io/hashicorp/aws\"]",
      "instances": [
        {
          "schema_version": 0,
          "attributes": {
            "arn": "arn:aws:iam::574182556674:role/bball8botAPIGatewayRole",
            "assume_role_policy": "{\"Statement\":[{\"Action\":\"sts:AssumeRole\",\"Effect\":\"Allow\",\"Principal\":{\"Service\":\"apigateway.amazonaws.com\"}}],\"Version\":\"2012-10-17\"}",
            "create_date": "2024-02-21T07:41:37Z",
            "description": "",
            "force_detach_policies": false,
            "id": "bball8botAPIGatewayRole",
            "inline_policy": [],
            "managed_policy_arns": [
              "arn:aws:iam::574182556674:policy/bball8botAPIGatewayPolicy"
            ],
            "max_session_duration": 3600,
            "name": "bball8botAPIGatewayRole",
            "name_prefix": "",
            "path": "/",
            "permissions_boundary": "",
            "tags": {},
            "tags_all": {},
            "unique_id": "AROAYLL7SQQBBMVQSNN22"
          },
          "sensitive_attributes": [],
          "private": "bnVsbA==",
          "dependencies": [
            "module.api_gateway.aws_iam_policy.bball8bot_api_gateway_policy",
            "module.api_gateway.data.aws_iam_policy_document.assume_bball8bot_api_gateway_role",
            "module.api_gateway.data.aws_iam_policy_document.bball8bot_api_gateway_policy",
            "module.sqs.aws_sqs_queue.bball8bot_events"
          ]
        }
      ]
    },
    {
      "module": "module.lambda",
      "mode": "data",
      "type": "archive_file",
      "name": "zipped_binary_for_deploy",
      "provider": "provider[\"registry.terraform.io/hashicorp/archive\"]",
      "instances": [
        {
          "schema_version": 0,
          "attributes": {
            "exclude_symlink_directories": null,
            "excludes": null,
            "id": "8d3410a56033d0062f961062947018c8fdac9c88",
            "output_base64sha256": "/GBo0n9NKLOQ9FvQTl6Pmtyyr9cwpM6cpJorezUGhEM=",
            "output_base64sha512": "DEKmBxJfIwj68pX9ntAdwSK6CQotaTxSAGjsst8RdwSJFw1dn/1q+SFiQEfa7vMZFY04ujRs1vQEkfwaqPaXlw==",
            "output_file_mode": null,
            "output_md5": "6dafab41ec4a7f85a95884ffcb80bfe0",
            "output_path": "bin/main.zip",
            "output_sha": "8d3410a56033d0062f961062947018c8fdac9c88",
            "output_sha256": "fc6068d27f4d28b390f45bd04e5e8f9adcb2afd730a4ce9ca49a2b7b35068443",
            "output_sha512": "0c42a607125f2308faf295fd9ed01dc122ba090a2d693c520068ecb2df11770489170d5d9ffd6af921624047daeef319158d38ba346cd6f40491fc1aa8f69797",
            "output_size": 4264284,
            "source": [],
            "source_content": null,
            "source_content_filename": null,
            "source_dir": null,
            "source_file": "bin/bootstrap",
            "type": "zip"
          },
          "sensitive_attributes": []
        }
      ]
    },
    {
      "module": "module.lambda",
      "mode": "data",
      "type": "aws_iam_policy_document",
      "name": "assume_bball8bot_lambda_role",
      "provider": "provider[\"registry.terraform.io/hashicorp/aws\"]",
      "instances": [
        {
          "schema_version": 0,
          "attributes": {
            "id": "2690255455",
            "json": "{\n  \"Version\": \"2012-10-17\",\n  \"Statement\": [\n    {\n      \"Effect\": \"Allow\",\n      \"Action\": \"sts:AssumeRole\",\n      \"Principal\": {\n        \"Service\": \"lambda.amazonaws.com\"\n      }\n    }\n  ]\n}",
            "override_policy_documents": null,
            "policy_id": null,
            "source_policy_documents": null,
            "statement": [
              {
                "actions": [
                  "sts:AssumeRole"
                ],
                "condition": [],
                "effect": "Allow",
                "not_actions": [],
                "not_principals": [],
                "not_resources": [],
                "principals": [
                  {
                    "identifiers": [
                      "lambda.amazonaws.com"
                    ],
                    "type": "Service"
                  }
                ],
                "resources": [],
                "sid": ""
              }
            ],
            "version": "2012-10-17"
          },
          "sensitive_attributes": []
        }
      ]
    },
    {
      "module": "module.lambda",
      "mode": "data",
      "type": "aws_iam_policy_document",
      "name": "bball8bot_lambda_policy",
      "provider": "provider[\"registry.terraform.io/hashicorp/aws\"]",
      "instances": [
        {
          "schema_version": 0,
          "attributes": {
            "id": "667488840",
            "json": "{\n  \"Version\": \"2012-10-17\",\n  \"Statement\": [\n    {\n      \"Effect\": \"Allow\",\n      \"Action\": [\n        \"logs:PutLogEvents\",\n        \"logs:CreateLogStream\",\n        \"logs:CreateLogGroup\"\n      ],\n      \"Resource\": \"arn:aws:logs:*:*\"\n    },\n    {\n      \"Effect\": \"Allow\",\n      \"Action\": [\n        \"sqs:ReceiveMessage\",\n        \"sqs:GetQueueAttributes\",\n        \"sqs:DeleteMessage\"\n      ],\n      \"Resource\": \"*\"\n    },\n    {\n      \"Effect\": \"Allow\",\n      \"Action\": \"sqs:ListQueues\",\n      \"Resource\": \"*\"\n    }\n  ]\n}",
            "override_policy_documents": null,
            "policy_id": null,
            "source_policy_documents": null,
            "statement": [
              {
                "actions": [
                  "logs:CreateLogGroup",
                  "logs:CreateLogStream",
                  "logs:PutLogEvents"
                ],
                "condition": [],
                "effect": "Allow",
                "not_actions": [],
                "not_principals": [],
                "not_resources": [],
                "principals": [],
                "resources": [
                  "arn:aws:logs:*:*"
                ],
                "sid": ""
              },
              {
                "actions": [
                  "sqs:DeleteMessage",
                  "sqs:GetQueueAttributes",
                  "sqs:ReceiveMessage"
                ],
                "condition": [],
                "effect": "Allow",
                "not_actions": [],
                "not_principals": [],
                "not_resources": [],
                "principals": [],
                "resources": [
                  "*"
                ],
                "sid": ""
              },
              {
                "actions": [
                  "sqs:ListQueues"
                ],
                "condition": [],
                "effect": "Allow",
                "not_actions": [],
                "not_principals": [],
                "not_resources": [],
                "principals": [],
                "resources": [
                  "*"
                ],
                "sid": ""
              }
            ],
            "version": "2012-10-17"
          },
          "sensitive_attributes": []
        }
      ]
    },
    {
      "module": "module.lambda",
      "mode": "managed",
      "type": "aws_iam_policy",
      "name": "bball8bot_lambda",
      "provider": "provider[\"registry.terraform.io/hashicorp/aws\"]",
      "instances": [
        {
          "schema_version": 0,
          "attributes": {
            "arn": "arn:aws:iam::574182556674:policy/bball8botLambdaPolicy",
            "description": "",
            "id": "arn:aws:iam::574182556674:policy/bball8botLambdaPolicy",
            "name": "bball8botLambdaPolicy",
            "name_prefix": "",
            "path": "/",
            "policy": "{\"Statement\":[{\"Action\":[\"logs:PutLogEvents\",\"logs:CreateLogStream\",\"logs:CreateLogGroup\"],\"Effect\":\"Allow\",\"Resource\":\"arn:aws:logs:*:*\"},{\"Action\":[\"sqs:ReceiveMessage\",\"sqs:GetQueueAttributes\",\"sqs:DeleteMessage\"],\"Effect\":\"Allow\",\"Resource\":\"*\"},{\"Action\":\"sqs:ListQueues\",\"Effect\":\"Allow\",\"Resource\":\"*\"}],\"Version\":\"2012-10-17\"}",
            "policy_id": "ANPAYLL7SQQBH44UJCN6S",
            "tags": {},
            "tags_all": {}
          },
          "sensitive_attributes": [],
          "private": "bnVsbA==",
          "dependencies": [
            "module.lambda.data.aws_iam_policy_document.bball8bot_lambda_policy"
          ]
        }
      ]
    },
    {
      "module": "module.lambda",
      "mode": "managed",
      "type": "aws_iam_role",
      "name": "bball8bot_lambda",
      "provider": "provider[\"registry.terraform.io/hashicorp/aws\"]",
      "instances": [
        {
          "schema_version": 0,
          "attributes": {
            "arn": "arn:aws:iam::574182556674:role/bball8botLambdaRole",
            "assume_role_policy": "{\"Statement\":[{\"Action\":\"sts:AssumeRole\",\"Effect\":\"Allow\",\"Principal\":{\"Service\":\"lambda.amazonaws.com\"}}],\"Version\":\"2012-10-17\"}",
            "create_date": "2024-02-21T07:40:26Z",
            "description": "",
            "force_detach_policies": false,
            "id": "bball8botLambdaRole",
            "inline_policy": [],
            "managed_policy_arns": [
              "arn:aws:iam::574182556674:policy/bball8botLambdaPolicy"
            ],
            "max_session_duration": 3600,
            "name": "bball8botLambdaRole",
            "name_prefix": "",
            "path": "/",
            "permissions_boundary": "",
            "tags": {},
            "tags_all": {},
            "unique_id": "AROAYLL7SQQBMCJW55ENX"
          },
          "sensitive_attributes": [],
          "private": "bnVsbA==",
          "dependencies": [
            "module.lambda.aws_iam_policy.bball8bot_lambda",
            "module.lambda.data.aws_iam_policy_document.assume_bball8bot_lambda_role",
            "module.lambda.data.aws_iam_policy_document.bball8bot_lambda_policy"
          ]
        }
      ]
    },
    {
      "module": "module.lambda",
      "mode": "managed",
      "type": "aws_lambda_function",
      "name": "bball8bot_event_handler",
      "provider": "provider[\"registry.terraform.io/hashicorp/aws\"]",
      "instances": [
        {
          "schema_version": 0,
          "attributes": {
            "architectures": [
              "x86_64"
            ],
            "arn": "arn:aws:lambda:ap-southeast-1:574182556674:function:bball8bot_event_handler",
            "code_signing_config_arn": "",
            "dead_letter_config": [],
            "description": "",
            "environment": [],
            "ephemeral_storage": [
              {
                "size": 512
              }
            ],
            "file_system_config": [],
            "filename": "bin/main.zip",
            "function_name": "bball8bot_event_handler",
            "handler": "main",
            "id": "bball8bot_event_handler",
            "image_config": [],
            "image_uri": "",
            "invoke_arn": "arn:aws:apigateway:ap-southeast-1:lambda:path/2015-03-31/functions/arn:aws:lambda:ap-southeast-1:574182556674:function:bball8bot_event_handler/invocations",
            "kms_key_arn": "",
            "last_modified": "2024-02-21T07:41:35.748+0000",
            "layers": [],
            "logging_config": [
              {
                "application_log_level": "",
                "log_format": "Text",
                "log_group": "/aws/lambda/bball8bot_event_handler",
                "system_log_level": ""
              }
            ],
            "memory_size": 128,
            "package_type": "Zip",
            "publish": false,
            "qualified_arn": "arn:aws:lambda:ap-southeast-1:574182556674:function:bball8bot_event_handler:$LATEST",
            "qualified_invoke_arn": "arn:aws:apigateway:ap-southeast-1:lambda:path/2015-03-31/functions/arn:aws:lambda:ap-southeast-1:574182556674:function:bball8bot_event_handler:$LATEST/invocations",
            "replace_security_groups_on_destroy": null,
            "replacement_security_group_ids": null,
            "reserved_concurrent_executions": -1,
            "role": "arn:aws:iam::574182556674:role/bball8botLambdaRole",
            "runtime": "provided.al2023",
            "s3_bucket": null,
            "s3_key": null,
            "s3_object_version": null,
            "signing_job_arn": "",
            "signing_profile_version_arn": "",
            "skip_destroy": false,
            "snap_start": [],
            "source_code_hash": "/GBo0n9NKLOQ9FvQTl6Pmtyyr9cwpM6cpJorezUGhEM=",
            "source_code_size": 4264284,
            "tags": {},
            "tags_all": {},
            "timeout": 3,
            "timeouts": null,
            "tracing_config": [
              {
                "mode": "PassThrough"
              }
            ],
            "version": "$LATEST",
            "vpc_config": []
          },
          "sensitive_attributes": [],
          "private": "eyJlMmJmYjczMC1lY2FhLTExZTYtOGY4OC0zNDM2M2JjN2M0YzAiOnsiY3JlYXRlIjo2MDAwMDAwMDAwMDAsImRlbGV0ZSI6NjAwMDAwMDAwMDAwLCJ1cGRhdGUiOjYwMDAwMDAwMDAwMH19",
          "dependencies": [
            "module.lambda.aws_iam_policy.bball8bot_lambda",
            "module.lambda.aws_iam_role.bball8bot_lambda",
            "module.lambda.data.aws_iam_policy_document.assume_bball8bot_lambda_role",
            "module.lambda.data.aws_iam_policy_document.bball8bot_lambda_policy"
          ]
        }
      ]
    },
    {
      "module": "module.secrets_manager",
      "mode": "managed",
      "type": "aws_secretsmanager_secret",
      "name": "bot_token",
      "provider": "provider[\"registry.terraform.io/hashicorp/aws\"]",
      "instances": [
        {
          "schema_version": 0,
          "attributes": {
            "arn": "arn:aws:secretsmanager:ap-southeast-1:574182556674:secret:telegram_bot_token-aaEKZR",
            "description": "The Telegram Bot API token for bball8bot",
            "force_overwrite_replica_secret": false,
            "id": "arn:aws:secretsmanager:ap-southeast-1:574182556674:secret:telegram_bot_token-aaEKZR",
            "kms_key_id": "",
            "name": "telegram_bot_token",
            "name_prefix": "",
            "policy": "",
            "recovery_window_in_days": 30,
            "replica": [],
            "tags": {},
            "tags_all": {}
          },
          "sensitive_attributes": [],
          "private": "bnVsbA=="
        }
      ]
    },
    {
      "module": "module.secrets_manager",
      "mode": "managed",
      "type": "aws_secretsmanager_secret_version",
      "name": "bot_token",
      "provider": "provider[\"registry.terraform.io/hashicorp/aws\"]",
      "instances": [
        {
          "schema_version": 0,
          "attributes": {
            "arn": "arn:aws:secretsmanager:ap-southeast-1:574182556674:secret:telegram_bot_token-aaEKZR",
            "id": "arn:aws:secretsmanager:ap-southeast-1:574182556674:secret:telegram_bot_token-aaEKZR|terraform-20240225152330289600000001",
            "secret_binary": "",
            "secret_id": "arn:aws:secretsmanager:ap-southeast-1:574182556674:secret:telegram_bot_token-aaEKZR",
            "secret_string": "6232093294:AAEHlkIIJGSvd6p7JssKOVAsin4DFAgtdpQ",
            "version_id": "terraform-20240225152330289600000001",
            "version_stages": [
              "AWSCURRENT"
            ]
          },
          "sensitive_attributes": [
            [
              {
                "type": "get_attr",
                "value": "secret_string"
              }
            ]
          ],
          "private": "bnVsbA==",
          "dependencies": [
            "module.secrets_manager.aws_secretsmanager_secret.bot_token"
          ]
        }
      ]
    },
    {
      "module": "module.sqs",
      "mode": "managed",
      "type": "aws_lambda_event_source_mapping",
      "name": "sqs_event_queue_to_lambda_event_handler",
      "provider": "provider[\"registry.terraform.io/hashicorp/aws\"]",
      "instances": [
        {
          "schema_version": 0,
          "attributes": {
            "amazon_managed_kafka_event_source_config": [],
            "batch_size": 1,
            "bisect_batch_on_function_error": false,
            "destination_config": [],
            "document_db_event_source_config": [],
            "enabled": false,
            "event_source_arn": "arn:aws:sqs:ap-southeast-1:574182556674:bball8bot_event_queue",
            "filter_criteria": [],
            "function_arn": "arn:aws:lambda:ap-southeast-1:574182556674:function:bball8bot_event_handler",
            "function_name": "arn:aws:lambda:ap-southeast-1:574182556674:function:bball8bot_event_handler",
            "function_response_types": [],
            "id": "cc88ec16-839c-41ab-bf5e-e53377bf2cbd",
            "last_modified": "2024-02-25T14:10:25Z",
            "last_processing_result": "",
            "maximum_batching_window_in_seconds": 0,
            "maximum_record_age_in_seconds": 0,
            "maximum_retry_attempts": 0,
            "parallelization_factor": 0,
            "queues": [],
            "scaling_config": [],
            "self_managed_event_source": [],
            "self_managed_kafka_event_source_config": [],
            "source_access_configuration": [],
            "starting_position": "",
            "starting_position_timestamp": "",
            "state": "Disabled",
            "state_transition_reason": "USER_INITIATED",
            "topics": [],
            "tumbling_window_in_seconds": 0,
            "uuid": "cc88ec16-839c-41ab-bf5e-e53377bf2cbd"
          },
          "sensitive_attributes": [],
          "private": "bnVsbA==",
          "dependencies": [
            "module.lambda.aws_iam_policy.bball8bot_lambda",
            "module.lambda.aws_iam_role.bball8bot_lambda",
            "module.lambda.aws_lambda_function.bball8bot_event_handler",
            "module.lambda.data.aws_iam_policy_document.assume_bball8bot_lambda_role",
            "module.lambda.data.aws_iam_policy_document.bball8bot_lambda_policy",
            "module.sqs.aws_sqs_queue.bball8bot_events"
          ]
        }
      ]
    },
    {
      "module": "module.sqs",
      "mode": "managed",
      "type": "aws_lambda_permission",
      "name": "allow_sqs_event_to_trigger_lambda_event_handler",
      "provider": "provider[\"registry.terraform.io/hashicorp/aws\"]",
      "instances": [
        {
          "schema_version": 0,
          "attributes": {
            "action": "lambda:InvokeFuntion",
            "event_source_token": null,
            "function_name": "bball8bot_event_handler",
            "function_url_auth_type": null,
            "id": "AllowLambdaExecutionfromSQS",
            "principal": "sqs.amazonaws.com",
            "principal_org_id": null,
            "qualifier": "",
            "source_account": null,
            "source_arn": "arn:aws:sqs:ap-southeast-1:574182556674:bball8bot_event_queue",
            "statement_id": "AllowLambdaExecutionfromSQS",
            "statement_id_prefix": ""
          },
          "sensitive_attributes": [],
          "private": "bnVsbA==",
          "dependencies": [
            "module.lambda.aws_iam_policy.bball8bot_lambda",
            "module.lambda.aws_iam_role.bball8bot_lambda",
            "module.lambda.aws_lambda_function.bball8bot_event_handler",
            "module.lambda.data.aws_iam_policy_document.assume_bball8bot_lambda_role",
            "module.lambda.data.aws_iam_policy_document.bball8bot_lambda_policy",
            "module.sqs.aws_sqs_queue.bball8bot_events"
          ]
        }
      ]
    },
    {
      "module": "module.sqs",
      "mode": "managed",
      "type": "aws_sqs_queue",
      "name": "bball8bot_events",
      "provider": "provider[\"registry.terraform.io/hashicorp/aws\"]",
      "instances": [
        {
          "schema_version": 0,
          "attributes": {
            "arn": "arn:aws:sqs:ap-southeast-1:574182556674:bball8bot_event_queue",
            "content_based_deduplication": false,
            "deduplication_scope": "",
            "delay_seconds": 0,
            "fifo_queue": false,
            "fifo_throughput_limit": "",
            "id": "https://sqs.ap-southeast-1.amazonaws.com/574182556674/bball8bot_event_queue",
            "kms_data_key_reuse_period_seconds": 300,
            "kms_master_key_id": "",
            "max_message_size": 1024,
            "message_retention_seconds": 60,
            "name": "bball8bot_event_queue",
            "name_prefix": "",
            "policy": "",
            "receive_wait_time_seconds": 2,
            "redrive_allow_policy": "",
            "redrive_policy": "",
            "sqs_managed_sse_enabled": true,
            "tags": {},
            "tags_all": {},
            "url": "https://sqs.ap-southeast-1.amazonaws.com/574182556674/bball8bot_event_queue",
            "visibility_timeout_seconds": 30
          },
          "sensitive_attributes": [],
          "private": "bnVsbA=="
        }
      ]
    }
  ],
  "check_results": null
}
